{
  "object": {
    "pins": [
      {
        "package": "WireGuardKit",
        "repositoryURL": "https://git.zx2c4.com/wireguard-apple",
        "state": {
          "branch": "am/wg-adapter",
          "revision": "68368f5d447710d9f10ca27c8757d86aa8ea1755",
          "version": null
        }
      }
    ]
  },
  "version": 1
}
