{
  "object": {
    "pins": [
      {
        "package": "WireGuardKit",
        "repositoryURL": "https://git.zx2c4.com/wireguard-apple",
        "state": {
          "branch": "am/wg-adapter",
          "revision": "0d72828931734d370394249a3fba484c41753cf1",
          "version": null
        }
      }
    ]
  },
  "version": 1
}
