{
  "object": {
    "pins": [
      {
        "package": "WireGuardKit",
        "repositoryURL": "https://git.zx2c4.com/wireguard-apple",
        "state": {
          "branch": "am/wg-adapter",
          "revision": "2314bf27c2db890e0b263102fcc0412f08d0ceec",
          "version": null
        }
      }
    ]
  },
  "version": 1
}
